// !$*UTF8*$!
{
	archiveVersion = 1;
	classes = {
	};
	objectVersion = 56;
	objects = {

/* Begin PBXBuildFile section */
		A30000000000000000000001 /* OrboApp.swift in Sources */ = {isa = PBXBuildFile; fileRef = A20000000000000000000001 /* OrboApp.swift */; };
		A30000000000000000000002 /* OrboLabApp.swift in Sources */ = {isa = PBXBuildFile; fileRef = A20000000000000000000002 /* OrboLabApp.swift */; };
		A30000000000000000000003 /* OrboCore in Frameworks */ = {isa = PBXBuildFile; productRef = A60100000000000000000001 /* OrboCore */; };
		A30000000000000000000004 /* OrboCore in Frameworks */ = {isa = PBXBuildFile; productRef = A60200000000000000000001 /* OrboCore */; };
/* End PBXBuildFile section */

/* Begin PBXFileReference section */
		A20000000000000000000001 /* OrboApp.swift */ = {isa = PBXFileReference; lastKnownFileType = sourcecode.swift; path = OrboApp.swift; sourceTree = "<group>"; };
		A20000000000000000000002 /* OrboLabApp.swift */ = {isa = PBXFileReference; lastKnownFileType = sourcecode.swift; path = OrboLabApp.swift; sourceTree = "<group>"; };
		A20000000000000000000003 /* Orbo.app */ = {isa = PBXFileReference; explicitFileType = wrapper.application; includeInIndex = 0; path = Orbo.app; sourceTree = BUILT_PRODUCTS_DIR; };
		A20000000000000000000004 /* OrboLab.app */ = {isa = PBXFileReference; explicitFileType = wrapper.application; includeInIndex = 0; path = OrboLab.app; sourceTree = BUILT_PRODUCTS_DIR; };
/* End PBXFileReference section */

/* Begin PBXFrameworksBuildPhase section */
		A40200000000000000000001 /* Frameworks */ = {
			isa = PBXFrameworksBuildPhase;
			buildActionMask = 2147483647;
			files = (
				A30000000000000000000003 /* OrboCore in Frameworks */,
			);
			runOnlyForDeploymentPostprocessing = 0;
		};
		A40300000000000000000001 /* Frameworks */ = {
			isa = PBXFrameworksBuildPhase;
			buildActionMask = 2147483647;
			files = (
				A30000000000000000000004 /* OrboCore in Frameworks */,
			);
			runOnlyForDeploymentPostprocessing = 0;
		};
/* End PBXFrameworksBuildPhase section */

/* Begin PBXGroup section */
		A10000000000000000000001 = {
			isa = PBXGroup;
			children = (
				A10200000000000000000001 /* Orbo */,
				A10300000000000000000001 /* OrboLab */,
				A10100000000000000000001 /* Products */,
			);
			sourceTree = "<group>";
		};
		A10100000000000000000001 /* Products */ = {
			isa = PBXGroup;
			children = (
				A20000000000000000000003 /* Orbo.app */,
				A20000000000000000000004 /* OrboLab.app */,
			);
			name = Products;
			sourceTree = "<group>";
		};
		A10200000000000000000001 /* Orbo */ = {
			isa = PBXGroup;
			children = (
				A20000000000000000000001 /* OrboApp.swift */,
			);
			path = Orbo;
			sourceTree = "<group>";
		};
		A10300000000000000000001 /* OrboLab */ = {
			isa = PBXGroup;
			children = (
				A20000000000000000000002 /* OrboLabApp.swift */,
			);
			path = OrboLab;
			sourceTree = "<group>";
		};
/* End PBXGroup section */

/* Begin PBXNativeTarget section */
		A50000000000000000000001 /* Orbo */ = {
			isa = PBXNativeTarget;
			buildConfigurationList = A81000000000000000000001 /* Build configuration list for PBXNativeTarget "Orbo" */;
			buildPhases = (
				A40000000000000000000001 /* Sources */,
				A40200000000000000000001 /* Frameworks */,
				A40400000000000000000001 /* Resources */,
			);
			buildRules = (
			);
			dependencies = (
			);
			name = Orbo;
			packageProductDependencies = (
				A60100000000000000000001 /* OrboCore */,
			);
			productName = Orbo;
			productReference = A20000000000000000000003 /* Orbo.app */;
			productType = "com.apple.product-type.application";
		};
		A50100000000000000000001 /* OrboLab */ = {
			isa = PBXNativeTarget;
			buildConfigurationList = A82000000000000000000001 /* Build configuration list for PBXNativeTarget "OrboLab" */;
			buildPhases = (
				A40100000000000000000001 /* Sources */,
				A40300000000000000000001 /* Frameworks */,
				A40500000000000000000001 /* Resources */,
			);
			buildRules = (
			);
			dependencies = (
			);
			name = OrboLab;
			packageProductDependencies = (
				A60200000000000000000001 /* OrboCore */,
			);
			productName = OrboLab;
			productReference = A20000000000000000000004 /* OrboLab.app */;
			productType = "com.apple.product-type.application";
		};
/* End PBXNativeTarget section */

/* Begin PBXProject section */
		A00000000000000000000001 /* Project object */ = {
			isa = PBXProject;
			attributes = {
				BuildIndependentTargetsInParallel = 1;
				LastSwiftUpdateCheck = 1600;
				LastUpgradeCheck = 1600;
				TargetAttributes = {
					A50000000000000000000001 = {
						CreatedOnToolsVersion = 16.0;
					};
					A50100000000000000000001 = {
						CreatedOnToolsVersion = 16.0;
					};
				};
			};
			buildConfigurationList = A80000000000000000000001 /* Build configuration list for PBXProject "Orbo" */;
			compatibilityVersion = "Xcode 14.0";
			developmentRegion = en;
			hasScannedForEncodings = 0;
			knownRegions = (
				en,
				Base,
			);
			mainGroup = A10000000000000000000001;
			packageReferences = (
				A60000000000000000000001 /* XCLocalSwiftPackageReference "OrboCore" */,
			);
			productRefGroup = A10100000000000000000001 /* Products */;
			projectDirPath = "";
			projectRoot = "";
			targets = (
				A50000000000000000000001 /* Orbo */,
				A50100000000000000000001 /* OrboLab */,
			);
		};
/* End PBXProject section */

/* Begin PBXResourcesBuildPhase section */
		A40400000000000000000001 /* Resources */ = {
			isa = PBXResourcesBuildPhase;
			buildActionMask = 2147483647;
			files = (
			);
			runOnlyForDeploymentPostprocessing = 0;
		};
		A40500000000000000000001 /* Resources */ = {
			isa = PBXResourcesBuildPhase;
			buildActionMask = 2147483647;
			files = (
			);
			runOnlyForDeploymentPostprocessing = 0;
		};
/* End PBXResourcesBuildPhase section */

/* Begin PBXSourcesBuildPhase section */
		A40000000000000000000001 /* Sources */ = {
			isa = PBXSourcesBuildPhase;
			buildActionMask = 2147483647;
			files = (
				A30000000000000000000001 /* OrboApp.swift in Sources */,
			);
			runOnlyForDeploymentPostprocessing = 0;
		};
		A40100000000000000000001 /* Sources */ = {
			isa = PBXSourcesBuildPhase;
			buildActionMask = 2147483647;
			files = (
				A30000000000000000000002 /* OrboLabApp.swift in Sources */,
			);
			runOnlyForDeploymentPostprocessing = 0;
		};
/* End PBXSourcesBuildPhase section */

/* Begin XCBuildConfiguration section */
		A70000000000000000000001 /* Debug */ = {
			isa = XCBuildConfiguration;
			buildSettings = {
				ALWAYS_SEARCH_USER_PATHS = NO;
				CLANG_ENABLE_MODULES = YES;
				CLANG_ENABLE_OBJC_ARC = YES;
				COPY_PHASE_STRIP = NO;
				DEBUG_INFORMATION_FORMAT = dwarf;
				ENABLE_TESTABILITY = YES;
				GCC_C_LANGUAGE_STANDARD = gnu17;
				GCC_OPTIMIZATION_LEVEL = 0;
				IPHONEOS_DEPLOYMENT_TARGET = 17.0;
				ONLY_ACTIVE_ARCH = YES;
				SDKROOT = iphoneos;
				SWIFT_ACTIVE_COMPILATION_CONDITIONS = "DEBUG $(inherited)";
				SWIFT_OPTIMIZATION_LEVEL = "-Onone";
			};
			name = Debug;
		};
		A70100000000000000000001 /* Release */ = {
			isa = XCBuildConfiguration;
			buildSettings = {
				ALWAYS_SEARCH_USER_PATHS = NO;
				CLANG_ENABLE_MODULES = YES;
				CLANG_ENABLE_OBJC_ARC = YES;
				COPY_PHASE_STRIP = YES;
				DEBUG_INFORMATION_FORMAT = "dwarf-with-dsym";
				GCC_C_LANGUAGE_STANDARD = gnu17;
				IPHONEOS_DEPLOYMENT_TARGET = 17.0;
				SDKROOT = iphoneos;
				SWIFT_COMPILATION_MODE = wholemodule;
			};
			name = Release;
		};
		A71000000000000000000001 /* Debug */ = {
			isa = XCBuildConfiguration;
			buildSettings = {
				CODE_SIGN_STYLE = Automatic;
				CURRENT_PROJECT_VERSION = 1;
				ENABLE_PREVIEWS = YES;
				GENERATE_INFOPLIST_FILE = YES;
				INFOPLIST_KEY_UIApplicationSceneManifest_Generation = YES;
				INFOPLIST_KEY_UIApplicationSupportsIndirectInputEvents = YES;
				INFOPLIST_KEY_UILaunchScreen_Generation = YES;
				LD_RUNPATH_SEARCH_PATHS = "$(inherited) @executable_path/Frameworks";
				MARKETING_VERSION = 1.0;
				PRODUCT_BUNDLE_IDENTIFIER = com.huntarfischer.orbo;
				PRODUCT_NAME = "$(TARGET_NAME)";
				SUPPORTED_PLATFORMS = "iphoneos iphonesimulator";
				SWIFT_EMIT_LOC_STRINGS = YES;
				SWIFT_VERSION = 5.0;
				TARGETED_DEVICE_FAMILY = "1,2";
			};
			name = Debug;
		};
		A71100000000000000000001 /* Release */ = {
			isa = XCBuildConfiguration;
			buildSettings = {
				CODE_SIGN_STYLE = Automatic;
				CURRENT_PROJECT_VERSION = 1;
				GENERATE_INFOPLIST_FILE = YES;
				INFOPLIST_KEY_UIApplicationSceneManifest_Generation = YES;
				INFOPLIST_KEY_UIApplicationSupportsIndirectInputEvents = YES;
				INFOPLIST_KEY_UILaunchScreen_Generation = YES;
				LD_RUNPATH_SEARCH_PATHS = "$(inherited) @executable_path/Frameworks";
				MARKETING_VERSION = 1.0;
				PRODUCT_BUNDLE_IDENTIFIER = com.huntarfischer.orbo;
				PRODUCT_NAME = "$(TARGET_NAME)";
				SUPPORTED_PLATFORMS = "iphoneos iphonesimulator";
				SWIFT_EMIT_LOC_STRINGS = YES;
				SWIFT_VERSION = 5.0;
				TARGETED_DEVICE_FAMILY = "1,2";
			};
			name = Release;
		};
		A72000000000000000000001 /* Debug */ = {
			isa = XCBuildConfiguration;
			buildSettings = {
				CODE_SIGN_STYLE = Automatic;
				CURRENT_PROJECT_VERSION = 1;
				ENABLE_PREVIEWS = YES;
				GENERATE_INFOPLIST_FILE = YES;
				INFOPLIST_KEY_UIApplicationSceneManifest_Generation = YES;
				INFOPLIST_KEY_UIApplicationSupportsIndirectInputEvents = YES;
				INFOPLIST_KEY_UILaunchScreen_Generation = YES;
				LD_RUNPATH_SEARCH_PATHS = "$(inherited) @executable_path/Frameworks";
				MARKETING_VERSION = 1.0;
				PRODUCT_BUNDLE_IDENTIFIER = com.huntarfischer.orbolab;
				PRODUCT_NAME = "$(TARGET_NAME)";
				SUPPORTED_PLATFORMS = "iphoneos iphonesimulator";
				SWIFT_EMIT_LOC_STRINGS = YES;
				SWIFT_VERSION = 5.0;
				TARGETED_DEVICE_FAMILY = "1,2";
			};
			name = Debug;
		};
		A72100000000000000000001 /* Release */ = {
			isa = XCBuildConfiguration;
			buildSettings = {
				CODE_SIGN_STYLE = Automatic;
				CURRENT_PROJECT_VERSION = 1;
				GENERATE_INFOPLIST_FILE = YES;
				INFOPLIST_KEY_UIApplicationSceneManifest_Generation = YES;
				INFOPLIST_KEY_UIApplicationSupportsIndirectInputEvents = YES;
				INFOPLIST_KEY_UILaunchScreen_Generation = YES;
				LD_RUNPATH_SEARCH_PATHS = "$(inherited) @executable_path/Frameworks";
				MARKETING_VERSION = 1.0;
				PRODUCT_BUNDLE_IDENTIFIER = com.huntarfischer.orbolab;
				PRODUCT_NAME = "$(TARGET_NAME)";
				SUPPORTED_PLATFORMS = "iphoneos iphonesimulator";
				SWIFT_EMIT_LOC_STRINGS = YES;
				SWIFT_VERSION = 5.0;
				TARGETED_DEVICE_FAMILY = "1,2";
			};
			name = Release;
		};
/* End XCBuildConfiguration section */

/* Begin XCConfigurationList section */
		A80000000000000000000001 /* Build configuration list for PBXProject "Orbo" */ = {
			isa = XCConfigurationList;
			buildConfigurations = (
				A70000000000000000000001 /* Debug */,
				A70100000000000000000001 /* Release */,
			);
			defaultConfigurationIsVisible = 0;
			defaultConfigurationName = Release;
		};
		A81000000000000000000001 /* Build configuration list for PBXNativeTarget "Orbo" */ = {
			isa = XCConfigurationList;
			buildConfigurations = (
				A71000000000000000000001 /* Debug */,
				A71100000000000000000001 /* Release */,
			);
			defaultConfigurationIsVisible = 0;
			defaultConfigurationName = Release;
		};
		A82000000000000000000001 /* Build configuration list for PBXNativeTarget "OrboLab" */ = {
			isa = XCConfigurationList;
			buildConfigurations = (
				A72000000000000000000001 /* Debug */,
				A72100000000000000000001 /* Release */,
			);
			defaultConfigurationIsVisible = 0;
			defaultConfigurationName = Release;
		};
/* End XCConfigurationList section */

/* Begin XCLocalSwiftPackageReference section */
		A60000000000000000000001 /* XCLocalSwiftPackageReference "OrboCore" */ = {
			isa = XCLocalSwiftPackageReference;
			relativePath = OrboCore;
		};
/* End XCLocalSwiftPackageReference section */

/* Begin XCSwiftPackageProductDependency section */
		A60100000000000000000001 /* OrboCore */ = {
			isa = XCSwiftPackageProductDependency;
			package = A60000000000000000000001 /* XCLocalSwiftPackageReference "OrboCore" */;
			productName = OrboCore;
		};
		A60200000000000000000001 /* OrboCore */ = {
			isa = XCSwiftPackageProductDependency;
			package = A60000000000000000000001 /* XCLocalSwiftPackageReference "OrboCore" */;
			productName = OrboCore;
		};
/* End XCSwiftPackageProductDependency section */
	};
	rootObject = A00000000000000000000001 /* Project object */;
}
