// !$*UTF8*$!
{
	archiveVersion = 1;
	classes = {
	};
	objectVersion = 56;
	objects = {

/* Begin PBXBuildFile section */
		A30000000000000000000001 /* OrboApp.swift in Sources */ = {isa = PBXBuildFile; fileRef = A20000000000000000000001 /* OrboApp.swift */; };
		A30000000000000000000002 /* OrboLabApp.swift in Sources */ = {isa = PBXBuildFile; fileRef = A20000000000000000000002 /* OrboLabApp.swift */; };
		A30000000000000000000003 /* OrboCore in Frameworks */ = {isa = PBXBuildFile; productRef = A60100000000000000000001 /* OrboCore */; };
		A30000000000000000000004 /* OrboCore in Frameworks */ = {isa = PBXBuildFile; productRef = A60200000000000000000001 /* OrboCore */; };
		A30000000000000000000005 /* OrboIris in Frameworks */ = {isa = PBXBuildFile; productRef = A60300000000000000000001 /* OrboIris */; };
		B30000000000000000000001 /* AstroDNAContractTests.swift in Sources */ = {isa = PBXBuildFile; fileRef = B20000000000000000000001 /* AstroDNAContractTests.swift */; };
		B30000000000000000000002 /* CivilTimeTests.swift in Sources */ = {isa = PBXBuildFile; fileRef = B20000000000000000000002 /* CivilTimeTests.swift */; };
		B30000000000000000000003 /* DomainTests.swift in Sources */ = {isa = PBXBuildFile; fileRef = B20000000000000000000003 /* DomainTests.swift */; };
		B30000000000000000000004 /* FixtureInfrastructureTests.swift in Sources */ = {isa = PBXBuildFile; fileRef = B20000000000000000000004 /* FixtureInfrastructureTests.swift */; };
		B30000000000000000000005 /* FixtureLoader.swift in Sources */ = {isa = PBXBuildFile; fileRef = B20000000000000000000005 /* FixtureLoader.swift */; };
		B30000000000000000000006 /* FoundationIntegrationTests.swift in Sources */ = {isa = PBXBuildFile; fileRef = B20000000000000000000006 /* FoundationIntegrationTests.swift */; };
		B30000000000000000000010 /* HephaestusCompletionTests.swift in Sources */ = {isa = PBXBuildFile; fileRef = B20000000000000000000010 /* HephaestusCompletionTests.swift */; };
		B30000000000000000000011 /* OrboSpineContractTests.swift in Sources */ = {isa = PBXBuildFile; fileRef = B20000000000000000000011 /* OrboSpineContractTests.swift */; };
		B30000000000000000000007 /* GeoplacementTests.swift in Sources */ = {isa = PBXBuildFile; fileRef = B20000000000000000000007 /* GeoplacementTests.swift */; };
		B30000000000000000000008 /* MaterTests.swift in Sources */ = {isa = PBXBuildFile; fileRef = B20000000000000000000008 /* MaterTests.swift */; };
		B30000000000000000000009 /* MundaneTimespineForgeTests.swift in Sources */ = {isa = PBXBuildFile; fileRef = B20000000000000000000009 /* MundaneTimespineForgeTests.swift */; };
		B3000000000000000000000A /* MundaneTimespineTests.swift in Sources */ = {isa = PBXBuildFile; fileRef = B2000000000000000000000A /* MundaneTimespineTests.swift */; };
		B3000000000000000000000B /* OrboCoreTests.swift in Sources */ = {isa = PBXBuildFile; fileRef = B2000000000000000000000B /* OrboCoreTests.swift */; };
		B3000000000000000000000C /* RingTests.swift in Sources */ = {isa = PBXBuildFile; fileRef = B2000000000000000000000C /* RingTests.swift */; };
		B3000000000000000000000D /* TympanTests.swift in Sources */ = {isa = PBXBuildFile; fileRef = B2000000000000000000000D /* TympanTests.swift */; };
		B3000000000000000000000E /* OrboCore in Frameworks */ = {isa = PBXBuildFile; productRef = B60100000000000000000001 /* OrboCore */; };
		B3000000000000000000000F /* Fixtures in Resources */ = {isa = PBXBuildFile; fileRef = B2000000000000000000000F /* Fixtures */; };
		C30000000000000000000001 /* IrisHoraeFrameTests.swift in Sources */ = {isa = PBXBuildFile; fileRef = C20000000000000000000001 /* IrisHoraeFrameTests.swift */; };
		C30000000000000000000002 /* IrisPresentationTests.swift in Sources */ = {isa = PBXBuildFile; fileRef = C20000000000000000000002 /* IrisPresentationTests.swift */; };
		C30000000000000000000003 /* IrisScene3DTests.swift in Sources */ = {isa = PBXBuildFile; fileRef = C20000000000000000000003 /* IrisScene3DTests.swift */; };
		C30000000000000000000004 /* IrisStressTests.swift in Sources */ = {isa = PBXBuildFile; fileRef = C20000000000000000000004 /* IrisStressTests.swift */; };
		C30000000000000000000005 /* IrisZodiacExpressionTests.swift in Sources */ = {isa = PBXBuildFile; fileRef = C20000000000000000000005 /* IrisZodiacExpressionTests.swift */; };
		C30000000000000000000010 /* OrboCore in Frameworks */ = {isa = PBXBuildFile; productRef = C60100000000000000000001 /* OrboCore */; };
		C30000000000000000000011 /* OrboIris in Frameworks */ = {isa = PBXBuildFile; productRef = C60200000000000000000001 /* OrboIris */; };
/* End PBXBuildFile section */

/* Begin PBXContainerItemProxy section */
		B90000000000000000000001 /* PBXContainerItemProxy */ = {
			isa = PBXContainerItemProxy;
			containerPortal = A00000000000000000000001 /* Project object */;
			proxyType = 1;
			remoteGlobalIDString = A50000000000000000000001;
			remoteInfo = Orbo;
		};
/* End PBXContainerItemProxy section */

/* Begin PBXFileReference section */
		A20000000000000000000001 /* OrboApp.swift */ = {isa = PBXFileReference; lastKnownFileType = sourcecode.swift; path = OrboApp.swift; sourceTree = "<group>"; };
		A20000000000000000000002 /* OrboLabApp.swift */ = {isa = PBXFileReference; lastKnownFileType = sourcecode.swift; path = OrboLabApp.swift; sourceTree = "<group>"; };
		A20000000000000000000003 /* Orbo.app */ = {isa = PBXFileReference; explicitFileType = wrapper.application; includeInIndex = 0; path = Orbo.app; sourceTree = BUILT_PRODUCTS_DIR; };
		A20000000000000000000004 /* OrboLab.app */ = {isa = PBXFileReference; explicitFileType = wrapper.application; includeInIndex = 0; path = OrboLab.app; sourceTree = BUILT_PRODUCTS_DIR; };
		B20000000000000000000001 /* AstroDNAContractTests.swift */ = {isa = PBXFileReference; lastKnownFileType = sourcecode.swift; path = AstroDNAContractTests.swift; sourceTree = "<group>"; };
		B20000000000000000000002 /* CivilTimeTests.swift */ = {isa = PBXFileReference; lastKnownFileType = sourcecode.swift; path = CivilTimeTests.swift; sourceTree = "<group>"; };
		B20000000000000000000003 /* DomainTests.swift */ = {isa = PBXFileReference; lastKnownFileType = sourcecode.swift; path = DomainTests.swift; sourceTree = "<group>"; };
		B20000000000000000000004 /* FixtureInfrastructureTests.swift */ = {isa = PBXFileReference; lastKnownFileType = sourcecode.swift; path = FixtureInfrastructureTests.swift; sourceTree = "<group>"; };
		B20000000000000000000005 /* FixtureLoader.swift */ = {isa = PBXFileReference; lastKnownFileType = sourcecode.swift; path = FixtureSupport/FixtureLoader.swift; sourceTree = "<group>"; };
		B20000000000000000000006 /* FoundationIntegrationTests.swift */ = {isa = PBXFileReference; lastKnownFileType = sourcecode.swift; path = FoundationIntegrationTests.swift; sourceTree = "<group>"; };
		B20000000000000000000010 /* HephaestusCompletionTests.swift */ = {isa = PBXFileReference; lastKnownFileType = sourcecode.swift; path = HephaestusCompletionTests.swift; sourceTree = "<group>"; };
		B20000000000000000000011 /* OrboSpineContractTests.swift */ = {isa = PBXFileReference; lastKnownFileType = sourcecode.swift; path = OrboSpineContractTests.swift; sourceTree = "<group>"; };
		B20000000000000000000007 /* GeoplacementTests.swift */ = {isa = PBXFileReference; lastKnownFileType = sourcecode.swift; path = GeoplacementTests.swift; sourceTree = "<group>"; };
		B20000000000000000000008 /* MaterTests.swift */ = {isa = PBXFileReference; lastKnownFileType = sourcecode.swift; path = MaterTests.swift; sourceTree = "<group>"; };
		B20000000000000000000009 /* MundaneTimespineForgeTests.swift */ = {isa = PBXFileReference; lastKnownFileType = sourcecode.swift; path = MundaneTimespineForgeTests.swift; sourceTree = "<group>"; };
		B2000000000000000000000A /* MundaneTimespineTests.swift */ = {isa = PBXFileReference; lastKnownFileType = sourcecode.swift; path = MundaneTimespineTests.swift; sourceTree = "<group>"; };
		B2000000000000000000000B /* OrboCoreTests.swift */ = {isa = PBXFileReference; lastKnownFileType = sourcecode.swift; path = OrboCoreTests.swift; sourceTree = "<group>"; };
		B2000000000000000000000C /* RingTests.swift */ = {isa = PBXFileReference; lastKnownFileType = sourcecode.swift; path = RingTests.swift; sourceTree = "<group>"; };
		B2000000000000000000000D /* TympanTests.swift */ = {isa = PBXFileReference; lastKnownFileType = sourcecode.swift; path = TympanTests.swift; sourceTree = "<group>"; };
		B2000000000000000000000E /* OrboCoreTests.xctest */ = {isa = PBXFileReference; explicitFileType = wrapper.cfbundle; includeInIndex = 0; path = OrboCoreTests.xctest; sourceTree = BUILT_PRODUCTS_DIR; };
		B2000000000000000000000F /* Fixtures */ = {isa = PBXFileReference; lastKnownFileType = folder; path = Fixtures; sourceTree = "<group>"; };
		C20000000000000000000001 /* IrisHoraeFrameTests.swift */ = {isa = PBXFileReference; lastKnownFileType = sourcecode.swift; path = IrisHoraeFrameTests.swift; sourceTree = "<group>"; };
		C20000000000000000000002 /* IrisPresentationTests.swift */ = {isa = PBXFileReference; lastKnownFileType = sourcecode.swift; path = IrisPresentationTests.swift; sourceTree = "<group>"; };
		C20000000000000000000003 /* IrisScene3DTests.swift */ = {isa = PBXFileReference; lastKnownFileType = sourcecode.swift; path = IrisScene3DTests.swift; sourceTree = "<group>"; };
		C20000000000000000000004 /* IrisStressTests.swift */ = {isa = PBXFileReference; lastKnownFileType = sourcecode.swift; path = IrisStressTests.swift; sourceTree = "<group>"; };
		C20000000000000000000005 /* IrisZodiacExpressionTests.swift */ = {isa = PBXFileReference; lastKnownFileType = sourcecode.swift; path = IrisZodiacExpressionTests.swift; sourceTree = "<group>"; };
		C20000000000000000000010 /* OrboIrisTests.xctest */ = {isa = PBXFileReference; explicitFileType = wrapper.cfbundle; includeInIndex = 0; path = OrboIrisTests.xctest; sourceTree = BUILT_PRODUCTS_DIR; };
/* End PBXFileReference section */

/* Begin PBXFileSystemSynchronizedBuildFileExceptionSet section */
        D10000000000000000000002 /* Fixtures use the existing folder resource */ = {
            isa = PBXFileSystemSynchronizedBuildFileExceptionSet;
            membershipExceptions = (
                "Fixtures/Golden/fixture-smoke.json",
                "Fixtures/Parity/tympan-parity.json",
                "Fixtures/Parity/civil-time-parity.json",
                "Fixtures/Parity/ring-parity.json",
                "Fixtures/Parity/mater-parity.json",
                "Fixtures/Parity/astrodna-contract.json",
                "Fixtures/Parity/fixture-smoke.json",
            );
            target = B50000000000000000000001 /* OrboCoreTests */;
        };
/* End PBXFileSystemSynchronizedBuildFileExceptionSet section */

/* Begin PBXFileSystemSynchronizedRootGroup section */
        D10000000000000000000001 /* Complete OrboCoreTests */ = {
            isa = PBXFileSystemSynchronizedRootGroup;
            exceptions = (D10000000000000000000002,);
            explicitFileTypes = {};
            explicitFolders = ();
            name = "Complete OrboCoreTests";
            path = OrboCore/Tests/OrboCoreTests;
            sourceTree = "<group>";
        };
/* End PBXFileSystemSynchronizedRootGroup section */

/* Begin PBXFrameworksBuildPhase section */
		A40200000000000000000001 /* Frameworks */ = {
			isa = PBXFrameworksBuildPhase;
			buildActionMask = 2147483647;
			files = (
				A30000000000000000000003 /* OrboCore in Frameworks */,
				A30000000000000000000005 /* OrboIris in Frameworks */,
			);
			runOnlyForDeploymentPostprocessing = 0;
		};
		A40300000000000000000001 /* Frameworks */ = {
			isa = PBXFrameworksBuildPhase;
			buildActionMask = 2147483647;
			files = (
				A30000000000000000000004 /* OrboCore in Frameworks */,
			);
			runOnlyForDeploymentPostprocessing = 0;
		};
		B40100000000000000000001 /* Frameworks */ = {
			isa = PBXFrameworksBuildPhase;
			buildActionMask = 2147483647;
			files = (
				B3000000000000000000000E /* OrboCore in Frameworks */,
			);
			runOnlyForDeploymentPostprocessing = 0;
		};
		C40100000000000000000001 /* Frameworks */ = {
			isa = PBXFrameworksBuildPhase;
			buildActionMask = 2147483647;
			files = (
				C30000000000000000000010 /* OrboCore in Frameworks */,
				C30000000000000000000011 /* OrboIris in Frameworks */,
			);
			runOnlyForDeploymentPostprocessing = 0;
		};
/* End PBXFrameworksBuildPhase section */

/* Begin PBXGroup section */
		A10000000000000000000001 = {
			isa = PBXGroup;
			children = (
				A10200000000000000000001 /* Orbo */,
				A10300000000000000000001 /* OrboLab */,
				B10000000000000000000001 /* OrboCoreTests */,
				D10000000000000000000001 /* Complete OrboCoreTests */,
				C10000000000000000000001 /* OrboIrisTests */,
				A10100000000000000000001 /* Products */,
			);
			sourceTree = "<group>";
		};
		A10100000000000000000001 /* Products */ = {
			isa = PBXGroup;
			children = (
				A20000000000000000000003 /* Orbo.app */,
				A20000000000000000000004 /* OrboLab.app */,
				B2000000000000000000000E /* OrboCoreTests.xctest */,
				C20000000000000000000010 /* OrboIrisTests.xctest */,
			);
			name = Products;
			sourceTree = "<group>";
		};
		A10200000000000000000001 /* Orbo */ = {
			isa = PBXGroup;
			children = (
				A20000000000000000000001 /* OrboApp.swift */,
			);
			path = Orbo;
			sourceTree = "<group>";
		};
		A10300000000000000000001 /* OrboLab */ = {
			isa = PBXGroup;
			children = (
				A20000000000000000000002 /* OrboLabApp.swift */,
			);
			path = OrboLab;
			sourceTree = "<group>";
		};
		B10000000000000000000001 /* OrboCoreTests */ = {
			isa = PBXGroup;
			children = (
				B20000000000000000000001 /* AstroDNAContractTests.swift */,
				B20000000000000000000002 /* CivilTimeTests.swift */,
				B20000000000000000000003 /* DomainTests.swift */,
				B20000000000000000000004 /* FixtureInfrastructureTests.swift */,
				B20000000000000000000005 /* FixtureLoader.swift */,
				B20000000000000000000006 /* FoundationIntegrationTests.swift */,
				B20000000000000000000010 /* HephaestusCompletionTests.swift */,
				B20000000000000000000011 /* OrboSpineContractTests.swift */,
				B20000000000000000000007 /* GeoplacementTests.swift */,
				B20000000000000000000008 /* MaterTests.swift */,
				B20000000000000000000009 /* MundaneTimespineForgeTests.swift */,
				B2000000000000000000000A /* MundaneTimespineTests.swift */,
				B2000000000000000000000B /* OrboCoreTests.swift */,
				B2000000000000000000000C /* RingTests.swift */,
				B2000000000000000000000D /* TympanTests.swift */,
				B2000000000000000000000F /* Fixtures */,
			);
			path = OrboCore/Tests/OrboCoreTests;
			sourceTree = "<group>";
		};
		C10000000000000000000001 /* OrboIrisTests */ = {
			isa = PBXGroup;
			children = (
				C20000000000000000000001 /* IrisHoraeFrameTests.swift */,
				C20000000000000000000002 /* IrisPresentationTests.swift */,
				C20000000000000000000003 /* IrisScene3DTests.swift */,
				C20000000000000000000004 /* IrisStressTests.swift */,
				C20000000000000000000005 /* IrisZodiacExpressionTests.swift */,
			);
			path = OrboCore/Tests/OrboIrisTests;
			sourceTree = "<group>";
		};
/* End PBXGroup section */

/* Begin PBXNativeTarget section */
		A50000000000000000000001 /* Orbo */ = {
			isa = PBXNativeTarget;
			buildConfigurationList = A81000000000000000000001 /* Build configuration list for PBXNativeTarget "Orbo" */;
			buildPhases = (
				A40000000000000000000001 /* Sources */,
				A40200000000000000000001 /* Frameworks */,
				A40400000000000000000001 /* Resources */,
			);
			buildRules = (
			);
			dependencies = (
			);
			name = Orbo;
			packageProductDependencies = (
				A60100000000000000000001 /* OrboCore */,
				A60300000000000000000001 /* OrboIris */,
			);
			productName = Orbo;
			productReference = A20000000000000000000003 /* Orbo.app */;
			productType = "com.apple.product-type.application";
		};
		A50100000000000000000001 /* OrboLab */ = {
			isa = PBXNativeTarget;
			buildConfigurationList = A82000000000000000000001 /* Build configuration list for PBXNativeTarget "OrboLab" */;
			buildPhases = (
				A40100000000000000000001 /* Sources */,
				A40300000000000000000001 /* Frameworks */,
				A40500000000000000000001 /* Resources */,
			);
			buildRules = (
			);
			dependencies = (
			);
			name = OrboLab;
			packageProductDependencies = (
				A60200000000000000000001 /* OrboCore */,
			);
			productName = OrboLab;
			productReference = A20000000000000000000004 /* OrboLab.app */;
			productType = "com.apple.product-type.application";
		};
		B50000000000000000000001 /* OrboCoreTests */ = {
			isa = PBXNativeTarget;
			buildConfigurationList = B81000000000000000000001 /* Build configuration list for PBXNativeTarget "OrboCoreTests" */;
			buildPhases = (
				B40000000000000000000001 /* Sources */,
				B40100000000000000000001 /* Frameworks */,
				B40200000000000000000001 /* Resources */,
			);
			buildRules = (
			);
			dependencies = (
				B90100000000000000000001 /* PBXTargetDependency */,
			);
			fileSystemSynchronizedGroups = (D10000000000000000000001 /* Complete OrboCoreTests */,);
			name = OrboCoreTests;
			packageProductDependencies = (
				B60100000000000000000001 /* OrboCore */,
			);
			productName = OrboCoreTests;
			productReference = B2000000000000000000000E /* OrboCoreTests.xctest */;
			productType = "com.apple.product-type.bundle.unit-test";
		};
		C50000000000000000000001 /* OrboIrisTests */ = {
			isa = PBXNativeTarget;
			buildConfigurationList = C81000000000000000000001 /* Build configuration list for PBXNativeTarget "OrboIrisTests" */;
			buildPhases = (
				C40000000000000000000001 /* Sources */,
				C40100000000000000000001 /* Frameworks */,
			);
			buildRules = (
			);
			dependencies = (
			);
			name = OrboIrisTests;
			packageProductDependencies = (
				C60100000000000000000001 /* OrboCore */,
				C60200000000000000000001 /* OrboIris */,
			);
			productName = OrboIrisTests;
			productReference = C20000000000000000000010 /* OrboIrisTests.xctest */;
			productType = "com.apple.product-type.bundle.unit-test";
		};
/* End PBXNativeTarget section */

/* Begin PBXProject section */
		A00000000000000000000001 /* Project object */ = {
			isa = PBXProject;
			attributes = {
				BuildIndependentTargetsInParallel = 1;
				LastSwiftUpdateCheck = 1600;
				LastUpgradeCheck = 1600;
				TargetAttributes = {
					A50000000000000000000001 = { CreatedOnToolsVersion = 16.0; };
					A50100000000000000000001 = { CreatedOnToolsVersion = 16.0; };
					B50000000000000000000001 = {
						CreatedOnToolsVersion = 16.0;
						TestTargetID = A50000000000000000000001;
					};
					C50000000000000000000001 = { CreatedOnToolsVersion = 16.0; };
				};
			};
			buildConfigurationList = A80000000000000000000001 /* Build configuration list for PBXProject "Orbo" */;
			compatibilityVersion = "Xcode 14.0";
			developmentRegion = en;
			hasScannedForEncodings = 0;
			knownRegions = (
				en,
				Base,
			);
			mainGroup = A10000000000000000000001;
			packageReferences = (
				A60000000000000000000001 /* XCLocalSwiftPackageReference "OrboCore" */,
			);
			productRefGroup = A10100000000000000000001 /* Products */;
			projectDirPath = "";
			projectRoot = "";
			targets = (
				A50000000000000000000001 /* Orbo */,
				A50100000000000000000001 /* OrboLab */,
				B50000000000000000000001 /* OrboCoreTests */,
				C50000000000000000000001 /* OrboIrisTests */,
			);
		};
/* End PBXProject section */

/* Begin PBXResourcesBuildPhase section */
		A40400000000000000000001 /* Resources */ = {isa = PBXResourcesBuildPhase; buildActionMask = 2147483647; files = (); runOnlyForDeploymentPostprocessing = 0; };
		A40500000000000000000001 /* Resources */ = {isa = PBXResourcesBuildPhase; buildActionMask = 2147483647; files = (); runOnlyForDeploymentPostprocessing = 0; };
		B40200000000000000000001 /* Resources */ = {
			isa = PBXResourcesBuildPhase;
			buildActionMask = 2147483647;
			files = (
				B3000000000000000000000F /* Fixtures in Resources */,
			);
			runOnlyForDeploymentPostprocessing = 0;
		};
/* End PBXResourcesBuildPhase section */

/* Begin PBXSourcesBuildPhase section */
		A40000000000000000000001 /* Sources */ = {isa = PBXSourcesBuildPhase; buildActionMask = 2147483647; files = (A30000000000000000000001 /* OrboApp.swift in Sources */,); runOnlyForDeploymentPostprocessing = 0; };
		A40100000000000000000001 /* Sources */ = {isa = PBXSourcesBuildPhase; buildActionMask = 2147483647; files = (A30000000000000000000002 /* OrboLabApp.swift in Sources */,); runOnlyForDeploymentPostprocessing = 0; };
		B40000000000000000000001 /* Sources */ = {
			isa = PBXSourcesBuildPhase;
			buildActionMask = 2147483647;
			files = ();
			runOnlyForDeploymentPostprocessing = 0;
		};
		C40000000000000000000001 /* Sources */ = {
			isa = PBXSourcesBuildPhase;
			buildActionMask = 2147483647;
			files = (
				C30000000000000000000001 /* IrisHoraeFrameTests.swift in Sources */,
				C30000000000000000000002 /* IrisPresentationTests.swift in Sources */,
				C30000000000000000000003 /* IrisScene3DTests.swift in Sources */,
				C30000000000000000000004 /* IrisStressTests.swift in Sources */,
				C30000000000000000000005 /* IrisZodiacExpressionTests.swift in Sources */,
			);
			runOnlyForDeploymentPostprocessing = 0;
		};
/* End PBXSourcesBuildPhase section */

/* Begin PBXTargetDependency section */
		B90100000000000000000001 /* PBXTargetDependency */ = {
			isa = PBXTargetDependency;
			target = A50000000000000000000001 /* Orbo */;
			targetProxy = B90000000000000000000001 /* PBXContainerItemProxy */;
		};
/* End PBXTargetDependency section */

/* Begin XCBuildConfiguration section */
		A70000000000000000000001 /* Debug */ = {isa = XCBuildConfiguration; buildSettings = {ALWAYS_SEARCH_USER_PATHS = NO; CLANG_ENABLE_MODULES = YES; CLANG_ENABLE_OBJC_ARC = YES; COPY_PHASE_STRIP = NO; DEBUG_INFORMATION_FORMAT = dwarf; ENABLE_TESTABILITY = YES; GCC_C_LANGUAGE_STANDARD = gnu17; GCC_OPTIMIZATION_LEVEL = 0; IPHONEOS_DEPLOYMENT_TARGET = 17.0; ONLY_ACTIVE_ARCH = YES; SDKROOT = iphoneos; SWIFT_ACTIVE_COMPILATION_CONDITIONS = "DEBUG $(inherited)"; SWIFT_OPTIMIZATION_LEVEL = "-Onone"; }; name = Debug; };
		A70100000000000000000001 /* Release */ = {isa = XCBuildConfiguration; buildSettings = {ALWAYS_SEARCH_USER_PATHS = NO; CLANG_ENABLE_MODULES = YES; CLANG_ENABLE_OBJC_ARC = YES; COPY_PHASE_STRIP = YES; DEBUG_INFORMATION_FORMAT = "dwarf-with-dsym"; GCC_C_LANGUAGE_STANDARD = gnu17; IPHONEOS_DEPLOYMENT_TARGET = 17.0; SDKROOT = iphoneos; SWIFT_COMPILATION_MODE = wholemodule; }; name = Release; };
		A71000000000000000000001 /* Debug */ = {isa = XCBuildConfiguration; buildSettings = {CODE_SIGN_STYLE = Automatic; CURRENT_PROJECT_VERSION = 1; ENABLE_PREVIEWS = YES; GENERATE_INFOPLIST_FILE = YES; INFOPLIST_KEY_UIApplicationSceneManifest_Generation = YES; INFOPLIST_KEY_UIApplicationSupportsIndirectInputEvents = YES; INFOPLIST_KEY_UILaunchScreen_Generation = YES; LD_RUNPATH_SEARCH_PATHS = "$(inherited) @executable_path/Frameworks"; MARKETING_VERSION = 1.0; PRODUCT_BUNDLE_IDENTIFIER = com.huntarfischer.orbo; PRODUCT_NAME = "$(TARGET_NAME)"; SUPPORTED_PLATFORMS = "iphoneos iphonesimulator"; SWIFT_EMIT_LOC_STRINGS = YES; SWIFT_VERSION = 5.0; TARGETED_DEVICE_FAMILY = "1,2"; }; name = Debug; };
		A71100000000000000000001 /* Release */ = {isa = XCBuildConfiguration; buildSettings = {CODE_SIGN_STYLE = Automatic; CURRENT_PROJECT_VERSION = 1; GENERATE_INFOPLIST_FILE = YES; INFOPLIST_KEY_UIApplicationSceneManifest_Generation = YES; INFOPLIST_KEY_UIApplicationSupportsIndirectInputEvents = YES; INFOPLIST_KEY_UILaunchScreen_Generation = YES; LD_RUNPATH_SEARCH_PATHS = "$(inherited) @executable_path/Frameworks"; MARKETING_VERSION = 1.0; PRODUCT_BUNDLE_IDENTIFIER = com.huntarfischer.orbo; PRODUCT_NAME = "$(TARGET_NAME)"; SUPPORTED_PLATFORMS = "iphoneos iphonesimulator"; SWIFT_EMIT_LOC_STRINGS = YES; SWIFT_VERSION = 5.0; TARGETED_DEVICE_FAMILY = "1,2"; }; name = Release; };
		A72000000000000000000001 /* Debug */ = {isa = XCBuildConfiguration; buildSettings = {CODE_SIGN_STYLE = Automatic; CURRENT_PROJECT_VERSION = 1; ENABLE_PREVIEWS = YES; GENERATE_INFOPLIST_FILE = YES; INFOPLIST_KEY_UIApplicationSceneManifest_Generation = YES; INFOPLIST_KEY_UIApplicationSupportsIndirectInputEvents = YES; INFOPLIST_KEY_UILaunchScreen_Generation = YES; LD_RUNPATH_SEARCH_PATHS = "$(inherited) @executable_path/Frameworks"; MARKETING_VERSION = 1.0; PRODUCT_BUNDLE_IDENTIFIER = com.huntarfischer.orbolab; PRODUCT_NAME = "$(TARGET_NAME)"; SUPPORTED_PLATFORMS = "iphoneos iphonesimulator"; SWIFT_EMIT_LOC_STRINGS = YES; SWIFT_VERSION = 5.0; TARGETED_DEVICE_FAMILY = "1,2"; }; name = Debug; };
		A72100000000000000000001 /* Release */ = {isa = XCBuildConfiguration; buildSettings = {CODE_SIGN_STYLE = Automatic; CURRENT_PROJECT_VERSION = 1; GENERATE_INFOPLIST_FILE = YES; INFOPLIST_KEY_UIApplicationSceneManifest_Generation = YES; INFOPLIST_KEY_UIApplicationSupportsIndirectInputEvents = YES; INFOPLIST_KEY_UILaunchScreen_Generation = YES; LD_RUNPATH_SEARCH_PATHS = "$(inherited) @executable_path/Frameworks"; MARKETING_VERSION = 1.0; PRODUCT_BUNDLE_IDENTIFIER = com.huntarfischer.orbolab; PRODUCT_NAME = "$(TARGET_NAME)"; SUPPORTED_PLATFORMS = "iphoneos iphonesimulator"; SWIFT_EMIT_LOC_STRINGS = YES; SWIFT_VERSION = 5.0; TARGETED_DEVICE_FAMILY = "1,2"; }; name = Release; };
		B71000000000000000000001 /* Debug */ = {isa = XCBuildConfiguration; buildSettings = {BUNDLE_LOADER = "$(TEST_HOST)"; CODE_SIGN_STYLE = Automatic; CURRENT_PROJECT_VERSION = 1; GENERATE_INFOPLIST_FILE = YES; LD_RUNPATH_SEARCH_PATHS = "$(inherited) @executable_path/Frameworks @loader_path/Frameworks"; MARKETING_VERSION = 1.0; PRODUCT_BUNDLE_IDENTIFIER = com.huntarfischer.orbo.OrboCoreTests; PRODUCT_NAME = "$(TARGET_NAME)"; SUPPORTED_PLATFORMS = "iphoneos iphonesimulator"; SWIFT_EMIT_LOC_STRINGS = NO; SWIFT_VERSION = 5.0; TARGETED_DEVICE_FAMILY = "1,2"; TEST_HOST = "$(BUILT_PRODUCTS_DIR)/Orbo.app/$(BUNDLE_EXECUTABLE_FOLDER_PATH)/Orbo"; }; name = Debug; };
		B71100000000000000000001 /* Release */ = {isa = XCBuildConfiguration; buildSettings = {BUNDLE_LOADER = "$(TEST_HOST)"; CODE_SIGN_STYLE = Automatic; CURRENT_PROJECT_VERSION = 1; GENERATE_INFOPLIST_FILE = YES; LD_RUNPATH_SEARCH_PATHS = "$(inherited) @executable_path/Frameworks @loader_path/Frameworks"; MARKETING_VERSION = 1.0; PRODUCT_BUNDLE_IDENTIFIER = com.huntarfischer.orbo.OrboCoreTests; PRODUCT_NAME = "$(TARGET_NAME)"; SUPPORTED_PLATFORMS = "iphoneos iphonesimulator"; SWIFT_EMIT_LOC_STRINGS = NO; SWIFT_VERSION = 5.0; TARGETED_DEVICE_FAMILY = "1,2"; TEST_HOST = "$(BUILT_PRODUCTS_DIR)/Orbo.app/$(BUNDLE_EXECUTABLE_FOLDER_PATH)/Orbo"; }; name = Release; };
		C71000000000000000000001 /* Debug */ = {isa = XCBuildConfiguration; buildSettings = {CODE_SIGN_STYLE = Automatic; CURRENT_PROJECT_VERSION = 1; GENERATE_INFOPLIST_FILE = YES; IPHONEOS_DEPLOYMENT_TARGET = 17.0; LD_RUNPATH_SEARCH_PATHS = "$(inherited) @loader_path/Frameworks"; MARKETING_VERSION = 1.0; PRODUCT_BUNDLE_IDENTIFIER = com.huntarfischer.orbo.OrboIrisTests; PRODUCT_NAME = "$(TARGET_NAME)"; SUPPORTED_PLATFORMS = "iphoneos iphonesimulator"; SWIFT_EMIT_LOC_STRINGS = NO; SWIFT_VERSION = 5.0; TARGETED_DEVICE_FAMILY = "1,2"; }; name = Debug; };
		C71100000000000000000001 /* Release */ = {isa = XCBuildConfiguration; buildSettings = {CODE_SIGN_STYLE = Automatic; CURRENT_PROJECT_VERSION = 1; GENERATE_INFOPLIST_FILE = YES; IPHONEOS_DEPLOYMENT_TARGET = 17.0; LD_RUNPATH_SEARCH_PATHS = "$(inherited) @loader_path/Frameworks"; MARKETING_VERSION = 1.0; PRODUCT_BUNDLE_IDENTIFIER = com.huntarfischer.orbo.OrboIrisTests; PRODUCT_NAME = "$(TARGET_NAME)"; SUPPORTED_PLATFORMS = "iphoneos iphonesimulator"; SWIFT_EMIT_LOC_STRINGS = NO; SWIFT_VERSION = 5.0; TARGETED_DEVICE_FAMILY = "1,2"; }; name = Release; };
/* End XCBuildConfiguration section */

/* Begin XCConfigurationList section */
		A80000000000000000000001 /* Build configuration list for PBXProject "Orbo" */ = {isa = XCConfigurationList; buildConfigurations = (A70000000000000000000001 /* Debug */, A70100000000000000000001 /* Release */,); defaultConfigurationIsVisible = 0; defaultConfigurationName = Release; };
		A81000000000000000000001 /* Build configuration list for PBXNativeTarget "Orbo" */ = {isa = XCConfigurationList; buildConfigurations = (A71000000000000000000001 /* Debug */, A71100000000000000000001 /* Release */,); defaultConfigurationIsVisible = 0; defaultConfigurationName = Release; };
		A82000000000000000000001 /* Build configuration list for PBXNativeTarget "OrboLab" */ = {isa = XCConfigurationList; buildConfigurations = (A72000000000000000000001 /* Debug */, A72100000000000000000001 /* Release */,); defaultConfigurationIsVisible = 0; defaultConfigurationName = Release; };
		B81000000000000000000001 /* Build configuration list for PBXNativeTarget "OrboCoreTests" */ = {isa = XCConfigurationList; buildConfigurations = (B71000000000000000000001 /* Debug */, B71100000000000000000001 /* Release */,); defaultConfigurationIsVisible = 0; defaultConfigurationName = Release; };
		C81000000000000000000001 /* Build configuration list for PBXNativeTarget "OrboIrisTests" */ = {isa = XCConfigurationList; buildConfigurations = (C71000000000000000000001 /* Debug */, C71100000000000000000001 /* Release */,); defaultConfigurationIsVisible = 0; defaultConfigurationName = Release; };
/* End XCConfigurationList section */

/* Begin XCLocalSwiftPackageReference section */
		A60000000000000000000001 /* XCLocalSwiftPackageReference "OrboCore" */ = {isa = XCLocalSwiftPackageReference; relativePath = OrboCore; };
/* End XCLocalSwiftPackageReference section */

/* Begin XCSwiftPackageProductDependency section */
		A60100000000000000000001 /* OrboCore */ = {isa = XCSwiftPackageProductDependency; package = A60000000000000000000001 /* XCLocalSwiftPackageReference "OrboCore" */; productName = OrboCore; };
		A60200000000000000000001 /* OrboCore */ = {isa = XCSwiftPackageProductDependency; package = A60000000000000000000001 /* XCLocalSwiftPackageReference "OrboCore" */; productName = OrboCore; };
		A60300000000000000000001 /* OrboIris */ = {isa = XCSwiftPackageProductDependency; package = A60000000000000000000001 /* XCLocalSwiftPackageReference "OrboCore" */; productName = OrboIris; };
		B60100000000000000000001 /* OrboCore */ = {isa = XCSwiftPackageProductDependency; package = A60000000000000000000001 /* XCLocalSwiftPackageReference "OrboCore" */; productName = OrboCore; };
		C60100000000000000000001 /* OrboCore */ = {isa = XCSwiftPackageProductDependency; package = A60000000000000000000001 /* XCLocalSwiftPackageReference "OrboCore" */; productName = OrboCore; };
		C60200000000000000000001 /* OrboIris */ = {isa = XCSwiftPackageProductDependency; package = A60000000000000000000001 /* XCLocalSwiftPackageReference "OrboCore" */; productName = OrboIris; };
/* End XCSwiftPackageProductDependency section */
	};
	rootObject = A00000000000000000000001 /* Project object */;
}
